
Microsoft Visual Studio Solution File, Format Version 12.00
# Visual Studio Version 17
VisualStudioVersion = 17.0.31903.59
MinimumVisualStudioVersion = 10.0.40219.1
Project("{2150E333-8FDC-42A3-9474-1A3956D46DE8}") = "src", "src", "{827E0CD3-B72D-47B6-A68D-7590B98EB39B}"
EndProject
Project("{FAE04EC0-301F-11D3-BF4B-00C04F79EFBC}") = "NetShield.AppHost", "src\NetShield.AppHost\NetShield.AppHost.csproj", "{E3CD33D4-40AE-4DD2-980C-345A96C92B39}"
EndProject
Project("{FAE04EC0-301F-11D3-BF4B-00C04F79EFBC}") = "NetShield.ServiceDefaults", "src\NetShield.ServiceDefaults\NetShield.ServiceDefaults.csproj", "{C10893CC-5C82-493C-9E24-732AA2C0F04D}"
EndProject
Project("{FAE04EC0-301F-11D3-BF4B-00C04F79EFBC}") = "NetShield.Contracts", "src\NetShield.Contracts\NetShield.Contracts.csproj", "{A43A4BBA-CCE3-4A82-B7CD-567D412055AC}"
EndProject
Project("{FAE04EC0-301F-11D3-BF4B-00C04F79EFBC}") = "NetShield.Platform", "src\NetShield.Platform\NetShield.Platform.csproj", "{EBC99F27-6B8D-4779-B9DF-D7E8C41B4301}"
EndProject
Project("{FAE04EC0-301F-11D3-BF4B-00C04F79EFBC}") = "NetShield.Web.Host", "src\NetShield.Web.Host\NetShield.Web.Host.csproj", "{66409F03-302D-499E-9FA8-0312722F1B45}"
EndProject
Project("{FAE04EC0-301F-11D3-BF4B-00C04F79EFBC}") = "NetShield.Inventory", "src\Modules\NetShield.Inventory\NetShield.Inventory.csproj", "{0EE2DCA9-65FA-471D-9539-A2317C4BF0D9}"
EndProject
Project("{FAE04EC0-301F-11D3-BF4B-00C04F79EFBC}") = "NetShield.Telemetry", "src\Modules\NetShield.Telemetry\NetShield.Telemetry.csproj", "{30B92AC3-0EBF-41B5-A67C-0AB4393D99A2}"
EndProject
Project("{FAE04EC0-301F-11D3-BF4B-00C04F79EFBC}") = "NetShield.Flows", "src\Modules\NetShield.Flows\NetShield.Flows.csproj", "{3D80B2C6-2615-475F-977A-4EBE1DF2D81D}"
EndProject
Project("{FAE04EC0-301F-11D3-BF4B-00C04F79EFBC}") = "NetShield.Logs", "src\Modules\NetShield.Logs\NetShield.Logs.csproj", "{41514A5A-2207-4DE8-9333-6A694DA7C568}"
EndProject
Project("{FAE04EC0-301F-11D3-BF4B-00C04F79EFBC}") = "NetShield.Alerting", "src\Modules\NetShield.Alerting\NetShield.Alerting.csproj", "{56011C4D-E60B-46BC-B319-7C9E8B235229}"
EndProject
Project("{FAE04EC0-301F-11D3-BF4B-00C04F79EFBC}") = "NetShield.Configs", "src\Modules\NetShield.Configs\NetShield.Configs.csproj", "{7EA6DF5D-ED28-45C9-BCB1-B12CFFEB6EE7}"
EndProject
Project("{FAE04EC0-301F-11D3-BF4B-00C04F79EFBC}") = "NetShield.Compliance", "src\Modules\NetShield.Compliance\NetShield.Compliance.csproj", "{AB6A09CB-9577-46AC-B4E0-B1ECAB8F1A7F}"
EndProject
Project("{FAE04EC0-301F-11D3-BF4B-00C04F79EFBC}") = "NetShield.Vulnerabilities", "src\Modules\NetShield.Vulnerabilities\NetShield.Vulnerabilities.csproj", "{B2D0080B-1FAA-482D-9197-19E81EF121F3}"
EndProject
Project("{FAE04EC0-301F-11D3-BF4B-00C04F79EFBC}") = "NetShield.Reporting", "src\Modules\NetShield.Reporting\NetShield.Reporting.csproj", "{0DEF20C5-2AFB-47B1-87B0-22873340CBDA}"
EndProject
Project("{FAE04EC0-301F-11D3-BF4B-00C04F79EFBC}") = "NetShield.Identity", "src\Modules\NetShield.Identity\NetShield.Identity.csproj", "{E9F33F05-BE09-43C6-9B8C-27EE06EEA1B9}"
EndProject
Project("{FAE04EC0-301F-11D3-BF4B-00C04F79EFBC}") = "NetShield.Ingest", "src\NetShield.Ingest\NetShield.Ingest.csproj", "{FE69B871-0299-46FA-AC5A-B6C58C37AE93}"
EndProject
Project("{2150E333-8FDC-42A3-9474-1A3956D46DE8}") = "Modules", "Modules", "{EC447DCF-ABFA-6E24-52A5-D7FD48A5C558}"
EndProject
Project("{2150E333-8FDC-42A3-9474-1A3956D46DE8}") = "tests", "tests", "{0AB3BF05-4346-4AA6-1389-037BE0695223}"
EndProject
Project("{FAE04EC0-301F-11D3-BF4B-00C04F79EFBC}") = "NetShield.ArchitectureTests", "tests\NetShield.ArchitectureTests\NetShield.ArchitectureTests.csproj", "{4D7CB099-9D90-48D1-B32A-51D9818E18F0}"
EndProject
Project("{FAE04EC0-301F-11D3-BF4B-00C04F79EFBC}") = "NetShield.IntegrationTests", "tests\NetShield.IntegrationTests\NetShield.IntegrationTests.csproj", "{598E9D71-80E6-40A1-94A9-C640FA3A8E28}"
EndProject
Project("{FAE04EC0-301F-11D3-BF4B-00C04F79EFBC}") = "NetShield.UnitTests", "tests\NetShield.UnitTests\NetShield.UnitTests.csproj", "{7194D101-73BE-4D86-8311-0EDCF7D0CFAF}"
EndProject
Global
	GlobalSection(SolutionConfigurationPlatforms) = preSolution
		Debug|Any CPU = Debug|Any CPU
		Debug|x64 = Debug|x64
		Debug|x86 = Debug|x86
		Release|Any CPU = Release|Any CPU
		Release|x64 = Release|x64
		Release|x86 = Release|x86
	EndGlobalSection
	GlobalSection(ProjectConfigurationPlatforms) = postSolution
		{E3CD33D4-40AE-4DD2-980C-345A96C92B39}.Debug|Any CPU.ActiveCfg = Debug|Any CPU
		{E3CD33D4-40AE-4DD2-980C-345A96C92B39}.Debug|Any CPU.Build.0 = Debug|Any CPU
		{E3CD33D4-40AE-4DD2-980C-345A96C92B39}.Debug|x64.ActiveCfg = Debug|Any CPU
		{E3CD33D4-40AE-4DD2-980C-345A96C92B39}.Debug|x64.Build.0 = Debug|Any CPU
		{E3CD33D4-40AE-4DD2-980C-345A96C92B39}.Debug|x86.ActiveCfg = Debug|Any CPU
		{E3CD33D4-40AE-4DD2-980C-345A96C92B39}.Debug|x86.Build.0 = Debug|Any CPU
		{E3CD33D4-40AE-4DD2-980C-345A96C92B39}.Release|Any CPU.ActiveCfg = Release|Any CPU
		{E3CD33D4-40AE-4DD2-980C-345A96C92B39}.Release|Any CPU.Build.0 = Release|Any CPU
		{E3CD33D4-40AE-4DD2-980C-345A96C92B39}.Release|x64.ActiveCfg = Release|Any CPU
		{E3CD33D4-40AE-4DD2-980C-345A96C92B39}.Release|x64.Build.0 = Release|Any CPU
		{E3CD33D4-40AE-4DD2-980C-345A96C92B39}.Release|x86.ActiveCfg = Release|Any CPU
		{E3CD33D4-40AE-4DD2-980C-345A96C92B39}.Release|x86.Build.0 = Release|Any CPU
		{C10893CC-5C82-493C-9E24-732AA2C0F04D}.Debug|Any CPU.ActiveCfg = Debug|Any CPU
		{C10893CC-5C82-493C-9E24-732AA2C0F04D}.Debug|Any CPU.Build.0 = Debug|Any CPU
		{C10893CC-5C82-493C-9E24-732AA2C0F04D}.Debug|x64.ActiveCfg = Debug|Any CPU
		{C10893CC-5C82-493C-9E24-732AA2C0F04D}.Debug|x64.Build.0 = Debug|Any CPU
		{C10893CC-5C82-493C-9E24-732AA2C0F04D}.Debug|x86.ActiveCfg = Debug|Any CPU
		{C10893CC-5C82-493C-9E24-732AA2C0F04D}.Debug|x86.Build.0 = Debug|Any CPU
		{C10893CC-5C82-493C-9E24-732AA2C0F04D}.Release|Any CPU.ActiveCfg = Release|Any CPU
		{C10893CC-5C82-493C-9E24-732AA2C0F04D}.Release|Any CPU.Build.0 = Release|Any CPU
		{C10893CC-5C82-493C-9E24-732AA2C0F04D}.Release|x64.ActiveCfg = Release|Any CPU
		{C10893CC-5C82-493C-9E24-732AA2C0F04D}.Release|x64.Build.0 = Release|Any CPU
		{C10893CC-5C82-493C-9E24-732AA2C0F04D}.Release|x86.ActiveCfg = Release|Any CPU
		{C10893CC-5C82-493C-9E24-732AA2C0F04D}.Release|x86.Build.0 = Release|Any CPU
		{A43A4BBA-CCE3-4A82-B7CD-567D412055AC}.Debug|Any CPU.ActiveCfg = Debug|Any CPU
		{A43A4BBA-CCE3-4A82-B7CD-567D412055AC}.Debug|Any CPU.Build.0 = Debug|Any CPU
		{A43A4BBA-CCE3-4A82-B7CD-567D412055AC}.Debug|x64.ActiveCfg = Debug|Any CPU
		{A43A4BBA-CCE3-4A82-B7CD-567D412055AC}.Debug|x64.Build.0 = Debug|Any CPU
		{A43A4BBA-CCE3-4A82-B7CD-567D412055AC}.Debug|x86.ActiveCfg = Debug|Any CPU
		{A43A4BBA-CCE3-4A82-B7CD-567D412055AC}.Debug|x86.Build.0 = Debug|Any CPU
		{A43A4BBA-CCE3-4A82-B7CD-567D412055AC}.Release|Any CPU.ActiveCfg = Release|Any CPU
		{A43A4BBA-CCE3-4A82-B7CD-567D412055AC}.Release|Any CPU.Build.0 = Release|Any CPU
		{A43A4BBA-CCE3-4A82-B7CD-567D412055AC}.Release|x64.ActiveCfg = Release|Any CPU
		{A43A4BBA-CCE3-4A82-B7CD-567D412055AC}.Release|x64.Build.0 = Release|Any CPU
		{A43A4BBA-CCE3-4A82-B7CD-567D412055AC}.Release|x86.ActiveCfg = Release|Any CPU
		{A43A4BBA-CCE3-4A82-B7CD-567D412055AC}.Release|x86.Build.0 = Release|Any CPU
		{EBC99F27-6B8D-4779-B9DF-D7E8C41B4301}.Debug|Any CPU.ActiveCfg = Debug|Any CPU
		{EBC99F27-6B8D-4779-B9DF-D7E8C41B4301}.Debug|Any CPU.Build.0 = Debug|Any CPU
		{EBC99F27-6B8D-4779-B9DF-D7E8C41B4301}.Debug|x64.ActiveCfg = Debug|Any CPU
		{EBC99F27-6B8D-4779-B9DF-D7E8C41B4301}.Debug|x64.Build.0 = Debug|Any CPU
		{EBC99F27-6B8D-4779-B9DF-D7E8C41B4301}.Debug|x86.ActiveCfg = Debug|Any CPU
		{EBC99F27-6B8D-4779-B9DF-D7E8C41B4301}.Debug|x86.Build.0 = Debug|Any CPU
		{EBC99F27-6B8D-4779-B9DF-D7E8C41B4301}.Release|Any CPU.ActiveCfg = Release|Any CPU
		{EBC99F27-6B8D-4779-B9DF-D7E8C41B4301}.Release|Any CPU.Build.0 = Release|Any CPU
		{EBC99F27-6B8D-4779-B9DF-D7E8C41B4301}.Release|x64.ActiveCfg = Release|Any CPU
		{EBC99F27-6B8D-4779-B9DF-D7E8C41B4301}.Release|x64.Build.0 = Release|Any CPU
		{EBC99F27-6B8D-4779-B9DF-D7E8C41B4301}.Release|x86.ActiveCfg = Release|Any CPU
		{EBC99F27-6B8D-4779-B9DF-D7E8C41B4301}.Release|x86.Build.0 = Release|Any CPU
		{66409F03-302D-499E-9FA8-0312722F1B45}.Debug|Any CPU.ActiveCfg = Debug|Any CPU
		{66409F03-302D-499E-9FA8-0312722F1B45}.Debug|Any CPU.Build.0 = Debug|Any CPU
		{66409F03-302D-499E-9FA8-0312722F1B45}.Debug|x64.ActiveCfg = Debug|Any CPU
		{66409F03-302D-499E-9FA8-0312722F1B45}.Debug|x64.Build.0 = Debug|Any CPU
		{66409F03-302D-499E-9FA8-0312722F1B45}.Debug|x86.ActiveCfg = Debug|Any CPU
		{66409F03-302D-499E-9FA8-0312722F1B45}.Debug|x86.Build.0 = Debug|Any CPU
		{66409F03-302D-499E-9FA8-0312722F1B45}.Release|Any CPU.ActiveCfg = Release|Any CPU
		{66409F03-302D-499E-9FA8-0312722F1B45}.Release|Any CPU.Build.0 = Release|Any CPU
		{66409F03-302D-499E-9FA8-0312722F1B45}.Release|x64.ActiveCfg = Release|Any CPU
		{66409F03-302D-499E-9FA8-0312722F1B45}.Release|x64.Build.0 = Release|Any CPU
		{66409F03-302D-499E-9FA8-0312722F1B45}.Release|x86.ActiveCfg = Release|Any CPU
		{66409F03-302D-499E-9FA8-0312722F1B45}.Release|x86.Build.0 = Release|Any CPU
		{0EE2DCA9-65FA-471D-9539-A2317C4BF0D9}.Debug|Any CPU.ActiveCfg = Debug|Any CPU
		{0EE2DCA9-65FA-471D-9539-A2317C4BF0D9}.Debug|Any CPU.Build.0 = Debug|Any CPU
		{0EE2DCA9-65FA-471D-9539-A2317C4BF0D9}.Debug|x64.ActiveCfg = Debug|Any CPU
		{0EE2DCA9-65FA-471D-9539-A2317C4BF0D9}.Debug|x64.Build.0 = Debug|Any CPU
		{0EE2DCA9-65FA-471D-9539-A2317C4BF0D9}.Debug|x86.ActiveCfg = Debug|Any CPU
		{0EE2DCA9-65FA-471D-9539-A2317C4BF0D9}.Debug|x86.Build.0 = Debug|Any CPU
		{0EE2DCA9-65FA-471D-9539-A2317C4BF0D9}.Release|Any CPU.ActiveCfg = Release|Any CPU
		{0EE2DCA9-65FA-471D-9539-A2317C4BF0D9}.Release|Any CPU.Build.0 = Release|Any CPU
		{0EE2DCA9-65FA-471D-9539-A2317C4BF0D9}.Release|x64.ActiveCfg = Release|Any CPU
		{0EE2DCA9-65FA-471D-9539-A2317C4BF0D9}.Release|x64.Build.0 = Release|Any CPU
		{0EE2DCA9-65FA-471D-9539-A2317C4BF0D9}.Release|x86.ActiveCfg = Release|Any CPU
		{0EE2DCA9-65FA-471D-9539-A2317C4BF0D9}.Release|x86.Build.0 = Release|Any CPU
		{30B92AC3-0EBF-41B5-A67C-0AB4393D99A2}.Debug|Any CPU.ActiveCfg = Debug|Any CPU
		{30B92AC3-0EBF-41B5-A67C-0AB4393D99A2}.Debug|Any CPU.Build.0 = Debug|Any CPU
		{30B92AC3-0EBF-41B5-A67C-0AB4393D99A2}.Debug|x64.ActiveCfg = Debug|Any CPU
		{30B92AC3-0EBF-41B5-A67C-0AB4393D99A2}.Debug|x64.Build.0 = Debug|Any CPU
		{30B92AC3-0EBF-41B5-A67C-0AB4393D99A2}.Debug|x86.ActiveCfg = Debug|Any CPU
		{30B92AC3-0EBF-41B5-A67C-0AB4393D99A2}.Debug|x86.Build.0 = Debug|Any CPU
		{30B92AC3-0EBF-41B5-A67C-0AB4393D99A2}.Release|Any CPU.ActiveCfg = Release|Any CPU
		{30B92AC3-0EBF-41B5-A67C-0AB4393D99A2}.Release|Any CPU.Build.0 = Release|Any CPU
		{30B92AC3-0EBF-41B5-A67C-0AB4393D99A2}.Release|x64.ActiveCfg = Release|Any CPU
		{30B92AC3-0EBF-41B5-A67C-0AB4393D99A2}.Release|x64.Build.0 = Release|Any CPU
		{30B92AC3-0EBF-41B5-A67C-0AB4393D99A2}.Release|x86.ActiveCfg = Release|Any CPU
		{30B92AC3-0EBF-41B5-A67C-0AB4393D99A2}.Release|x86.Build.0 = Release|Any CPU
		{3D80B2C6-2615-475F-977A-4EBE1DF2D81D}.Debug|Any CPU.ActiveCfg = Debug|Any CPU
		{3D80B2C6-2615-475F-977A-4EBE1DF2D81D}.Debug|Any CPU.Build.0 = Debug|Any CPU
		{3D80B2C6-2615-475F-977A-4EBE1DF2D81D}.Debug|x64.ActiveCfg = Debug|Any CPU
		{3D80B2C6-2615-475F-977A-4EBE1DF2D81D}.Debug|x64.Build.0 = Debug|Any CPU
		{3D80B2C6-2615-475F-977A-4EBE1DF2D81D}.Debug|x86.ActiveCfg = Debug|Any CPU
		{3D80B2C6-2615-475F-977A-4EBE1DF2D81D}.Debug|x86.Build.0 = Debug|Any CPU
		{3D80B2C6-2615-475F-977A-4EBE1DF2D81D}.Release|Any CPU.ActiveCfg = Release|Any CPU
		{3D80B2C6-2615-475F-977A-4EBE1DF2D81D}.Release|Any CPU.Build.0 = Release|Any CPU
		{3D80B2C6-2615-475F-977A-4EBE1DF2D81D}.Release|x64.ActiveCfg = Release|Any CPU
		{3D80B2C6-2615-475F-977A-4EBE1DF2D81D}.Release|x64.Build.0 = Release|Any CPU
		{3D80B2C6-2615-475F-977A-4EBE1DF2D81D}.Release|x86.ActiveCfg = Release|Any CPU
		{3D80B2C6-2615-475F-977A-4EBE1DF2D81D}.Release|x86.Build.0 = Release|Any CPU
		{41514A5A-2207-4DE8-9333-6A694DA7C568}.Debug|Any CPU.ActiveCfg = Debug|Any CPU
		{41514A5A-2207-4DE8-9333-6A694DA7C568}.Debug|Any CPU.Build.0 = Debug|Any CPU
		{41514A5A-2207-4DE8-9333-6A694DA7C568}.Debug|x64.ActiveCfg = Debug|Any CPU
		{41514A5A-2207-4DE8-9333-6A694DA7C568}.Debug|x64.Build.0 = Debug|Any CPU
		{41514A5A-2207-4DE8-9333-6A694DA7C568}.Debug|x86.ActiveCfg = Debug|Any CPU
		{41514A5A-2207-4DE8-9333-6A694DA7C568}.Debug|x86.Build.0 = Debug|Any CPU
		{41514A5A-2207-4DE8-9333-6A694DA7C568}.Release|Any CPU.ActiveCfg = Release|Any CPU
		{41514A5A-2207-4DE8-9333-6A694DA7C568}.Release|Any CPU.Build.0 = Release|Any CPU
		{41514A5A-2207-4DE8-9333-6A694DA7C568}.Release|x64.ActiveCfg = Release|Any CPU
		{41514A5A-2207-4DE8-9333-6A694DA7C568}.Release|x64.Build.0 = Release|Any CPU
		{41514A5A-2207-4DE8-9333-6A694DA7C568}.Release|x86.ActiveCfg = Release|Any CPU
		{41514A5A-2207-4DE8-9333-6A694DA7C568}.Release|x86.Build.0 = Release|Any CPU
		{56011C4D-E60B-46BC-B319-7C9E8B235229}.Debug|Any CPU.ActiveCfg = Debug|Any CPU
		{56011C4D-E60B-46BC-B319-7C9E8B235229}.Debug|Any CPU.Build.0 = Debug|Any CPU
		{56011C4D-E60B-46BC-B319-7C9E8B235229}.Debug|x64.ActiveCfg = Debug|Any CPU
		{56011C4D-E60B-46BC-B319-7C9E8B235229}.Debug|x64.Build.0 = Debug|Any CPU
		{56011C4D-E60B-46BC-B319-7C9E8B235229}.Debug|x86.ActiveCfg = Debug|Any CPU
		{56011C4D-E60B-46BC-B319-7C9E8B235229}.Debug|x86.Build.0 = Debug|Any CPU
		{56011C4D-E60B-46BC-B319-7C9E8B235229}.Release|Any CPU.ActiveCfg = Release|Any CPU
		{56011C4D-E60B-46BC-B319-7C9E8B235229}.Release|Any CPU.Build.0 = Release|Any CPU
		{56011C4D-E60B-46BC-B319-7C9E8B235229}.Release|x64.ActiveCfg = Release|Any CPU
		{56011C4D-E60B-46BC-B319-7C9E8B235229}.Release|x64.Build.0 = Release|Any CPU
		{56011C4D-E60B-46BC-B319-7C9E8B235229}.Release|x86.ActiveCfg = Release|Any CPU
		{56011C4D-E60B-46BC-B319-7C9E8B235229}.Release|x86.Build.0 = Release|Any CPU
		{7EA6DF5D-ED28-45C9-BCB1-B12CFFEB6EE7}.Debug|Any CPU.ActiveCfg = Debug|Any CPU
		{7EA6DF5D-ED28-45C9-BCB1-B12CFFEB6EE7}.Debug|Any CPU.Build.0 = Debug|Any CPU
		{7EA6DF5D-ED28-45C9-BCB1-B12CFFEB6EE7}.Debug|x64.ActiveCfg = Debug|Any CPU
		{7EA6DF5D-ED28-45C9-BCB1-B12CFFEB6EE7}.Debug|x64.Build.0 = Debug|Any CPU
		{7EA6DF5D-ED28-45C9-BCB1-B12CFFEB6EE7}.Debug|x86.ActiveCfg = Debug|Any CPU
		{7EA6DF5D-ED28-45C9-BCB1-B12CFFEB6EE7}.Debug|x86.Build.0 = Debug|Any CPU
		{7EA6DF5D-ED28-45C9-BCB1-B12CFFEB6EE7}.Release|Any CPU.ActiveCfg = Release|Any CPU
		{7EA6DF5D-ED28-45C9-BCB1-B12CFFEB6EE7}.Release|Any CPU.Build.0 = Release|Any CPU
		{7EA6DF5D-ED28-45C9-BCB1-B12CFFEB6EE7}.Release|x64.ActiveCfg = Release|Any CPU
		{7EA6DF5D-ED28-45C9-BCB1-B12CFFEB6EE7}.Release|x64.Build.0 = Release|Any CPU
		{7EA6DF5D-ED28-45C9-BCB1-B12CFFEB6EE7}.Release|x86.ActiveCfg = Release|Any CPU
		{7EA6DF5D-ED28-45C9-BCB1-B12CFFEB6EE7}.Release|x86.Build.0 = Release|Any CPU
		{AB6A09CB-9577-46AC-B4E0-B1ECAB8F1A7F}.Debug|Any CPU.ActiveCfg = Debug|Any CPU
		{AB6A09CB-9577-46AC-B4E0-B1ECAB8F1A7F}.Debug|Any CPU.Build.0 = Debug|Any CPU
		{AB6A09CB-9577-46AC-B4E0-B1ECAB8F1A7F}.Debug|x64.ActiveCfg = Debug|Any CPU
		{AB6A09CB-9577-46AC-B4E0-B1ECAB8F1A7F}.Debug|x64.Build.0 = Debug|Any CPU
		{AB6A09CB-9577-46AC-B4E0-B1ECAB8F1A7F}.Debug|x86.ActiveCfg = Debug|Any CPU
		{AB6A09CB-9577-46AC-B4E0-B1ECAB8F1A7F}.Debug|x86.Build.0 = Debug|Any CPU
		{AB6A09CB-9577-46AC-B4E0-B1ECAB8F1A7F}.Release|Any CPU.ActiveCfg = Release|Any CPU
		{AB6A09CB-9577-46AC-B4E0-B1ECAB8F1A7F}.Release|Any CPU.Build.0 = Release|Any CPU
		{AB6A09CB-9577-46AC-B4E0-B1ECAB8F1A7F}.Release|x64.ActiveCfg = Release|Any CPU
		{AB6A09CB-9577-46AC-B4E0-B1ECAB8F1A7F}.Release|x64.Build.0 = Release|Any CPU
		{AB6A09CB-9577-46AC-B4E0-B1ECAB8F1A7F}.Release|x86.ActiveCfg = Release|Any CPU
		{AB6A09CB-9577-46AC-B4E0-B1ECAB8F1A7F}.Release|x86.Build.0 = Release|Any CPU
		{B2D0080B-1FAA-482D-9197-19E81EF121F3}.Debug|Any CPU.ActiveCfg = Debug|Any CPU
		{B2D0080B-1FAA-482D-9197-19E81EF121F3}.Debug|Any CPU.Build.0 = Debug|Any CPU
		{B2D0080B-1FAA-482D-9197-19E81EF121F3}.Debug|x64.ActiveCfg = Debug|Any CPU
		{B2D0080B-1FAA-482D-9197-19E81EF121F3}.Debug|x64.Build.0 = Debug|Any CPU
		{B2D0080B-1FAA-482D-9197-19E81EF121F3}.Debug|x86.ActiveCfg = Debug|Any CPU
		{B2D0080B-1FAA-482D-9197-19E81EF121F3}.Debug|x86.Build.0 = Debug|Any CPU
		{B2D0080B-1FAA-482D-9197-19E81EF121F3}.Release|Any CPU.ActiveCfg = Release|Any CPU
		{B2D0080B-1FAA-482D-9197-19E81EF121F3}.Release|Any CPU.Build.0 = Release|Any CPU
		{B2D0080B-1FAA-482D-9197-19E81EF121F3}.Release|x64.ActiveCfg = Release|Any CPU
		{B2D0080B-1FAA-482D-9197-19E81EF121F3}.Release|x64.Build.0 = Release|Any CPU
		{B2D0080B-1FAA-482D-9197-19E81EF121F3}.Release|x86.ActiveCfg = Release|Any CPU
		{B2D0080B-1FAA-482D-9197-19E81EF121F3}.Release|x86.Build.0 = Release|Any CPU
		{0DEF20C5-2AFB-47B1-87B0-22873340CBDA}.Debug|Any CPU.ActiveCfg = Debug|Any CPU
		{0DEF20C5-2AFB-47B1-87B0-22873340CBDA}.Debug|Any CPU.Build.0 = Debug|Any CPU
		{0DEF20C5-2AFB-47B1-87B0-22873340CBDA}.Debug|x64.ActiveCfg = Debug|Any CPU
		{0DEF20C5-2AFB-47B1-87B0-22873340CBDA}.Debug|x64.Build.0 = Debug|Any CPU
		{0DEF20C5-2AFB-47B1-87B0-22873340CBDA}.Debug|x86.ActiveCfg = Debug|Any CPU
		{0DEF20C5-2AFB-47B1-87B0-22873340CBDA}.Debug|x86.Build.0 = Debug|Any CPU
		{0DEF20C5-2AFB-47B1-87B0-22873340CBDA}.Release|Any CPU.ActiveCfg = Release|Any CPU
		{0DEF20C5-2AFB-47B1-87B0-22873340CBDA}.Release|Any CPU.Build.0 = Release|Any CPU
		{0DEF20C5-2AFB-47B1-87B0-22873340CBDA}.Release|x64.ActiveCfg = Release|Any CPU
		{0DEF20C5-2AFB-47B1-87B0-22873340CBDA}.Release|x64.Build.0 = Release|Any CPU
		{0DEF20C5-2AFB-47B1-87B0-22873340CBDA}.Release|x86.ActiveCfg = Release|Any CPU
		{0DEF20C5-2AFB-47B1-87B0-22873340CBDA}.Release|x86.Build.0 = Release|Any CPU
		{E9F33F05-BE09-43C6-9B8C-27EE06EEA1B9}.Debug|Any CPU.ActiveCfg = Debug|Any CPU
		{E9F33F05-BE09-43C6-9B8C-27EE06EEA1B9}.Debug|Any CPU.Build.0 = Debug|Any CPU
		{E9F33F05-BE09-43C6-9B8C-27EE06EEA1B9}.Debug|x64.ActiveCfg = Debug|Any CPU
		{E9F33F05-BE09-43C6-9B8C-27EE06EEA1B9}.Debug|x64.Build.0 = Debug|Any CPU
		{E9F33F05-BE09-43C6-9B8C-27EE06EEA1B9}.Debug|x86.ActiveCfg = Debug|Any CPU
		{E9F33F05-BE09-43C6-9B8C-27EE06EEA1B9}.Debug|x86.Build.0 = Debug|Any CPU
		{E9F33F05-BE09-43C6-9B8C-27EE06EEA1B9}.Release|Any CPU.ActiveCfg = Release|Any CPU
		{E9F33F05-BE09-43C6-9B8C-27EE06EEA1B9}.Release|Any CPU.Build.0 = Release|Any CPU
		{E9F33F05-BE09-43C6-9B8C-27EE06EEA1B9}.Release|x64.ActiveCfg = Release|Any CPU
		{E9F33F05-BE09-43C6-9B8C-27EE06EEA1B9}.Release|x64.Build.0 = Release|Any CPU
		{E9F33F05-BE09-43C6-9B8C-27EE06EEA1B9}.Release|x86.ActiveCfg = Release|Any CPU
		{E9F33F05-BE09-43C6-9B8C-27EE06EEA1B9}.Release|x86.Build.0 = Release|Any CPU
		{FE69B871-0299-46FA-AC5A-B6C58C37AE93}.Debug|Any CPU.ActiveCfg = Debug|Any CPU
		{FE69B871-0299-46FA-AC5A-B6C58C37AE93}.Debug|Any CPU.Build.0 = Debug|Any CPU
		{FE69B871-0299-46FA-AC5A-B6C58C37AE93}.Debug|x64.ActiveCfg = Debug|Any CPU
		{FE69B871-0299-46FA-AC5A-B6C58C37AE93}.Debug|x64.Build.0 = Debug|Any CPU
		{FE69B871-0299-46FA-AC5A-B6C58C37AE93}.Debug|x86.ActiveCfg = Debug|Any CPU
		{FE69B871-0299-46FA-AC5A-B6C58C37AE93}.Debug|x86.Build.0 = Debug|Any CPU
		{FE69B871-0299-46FA-AC5A-B6C58C37AE93}.Release|Any CPU.ActiveCfg = Release|Any CPU
		{FE69B871-0299-46FA-AC5A-B6C58C37AE93}.Release|Any CPU.Build.0 = Release|Any CPU
		{FE69B871-0299-46FA-AC5A-B6C58C37AE93}.Release|x64.ActiveCfg = Release|Any CPU
		{FE69B871-0299-46FA-AC5A-B6C58C37AE93}.Release|x64.Build.0 = Release|Any CPU
		{FE69B871-0299-46FA-AC5A-B6C58C37AE93}.Release|x86.ActiveCfg = Release|Any CPU
		{FE69B871-0299-46FA-AC5A-B6C58C37AE93}.Release|x86.Build.0 = Release|Any CPU
		{4D7CB099-9D90-48D1-B32A-51D9818E18F0}.Debug|Any CPU.ActiveCfg = Debug|Any CPU
		{4D7CB099-9D90-48D1-B32A-51D9818E18F0}.Debug|Any CPU.Build.0 = Debug|Any CPU
		{4D7CB099-9D90-48D1-B32A-51D9818E18F0}.Debug|x64.ActiveCfg = Debug|Any CPU
		{4D7CB099-9D90-48D1-B32A-51D9818E18F0}.Debug|x64.Build.0 = Debug|Any CPU
		{4D7CB099-9D90-48D1-B32A-51D9818E18F0}.Debug|x86.ActiveCfg = Debug|Any CPU
		{4D7CB099-9D90-48D1-B32A-51D9818E18F0}.Debug|x86.Build.0 = Debug|Any CPU
		{4D7CB099-9D90-48D1-B32A-51D9818E18F0}.Release|Any CPU.ActiveCfg = Release|Any CPU
		{4D7CB099-9D90-48D1-B32A-51D9818E18F0}.Release|Any CPU.Build.0 = Release|Any CPU
		{4D7CB099-9D90-48D1-B32A-51D9818E18F0}.Release|x64.ActiveCfg = Release|Any CPU
		{4D7CB099-9D90-48D1-B32A-51D9818E18F0}.Release|x64.Build.0 = Release|Any CPU
		{4D7CB099-9D90-48D1-B32A-51D9818E18F0}.Release|x86.ActiveCfg = Release|Any CPU
		{4D7CB099-9D90-48D1-B32A-51D9818E18F0}.Release|x86.Build.0 = Release|Any CPU
		{598E9D71-80E6-40A1-94A9-C640FA3A8E28}.Debug|Any CPU.ActiveCfg = Debug|Any CPU
		{598E9D71-80E6-40A1-94A9-C640FA3A8E28}.Debug|Any CPU.Build.0 = Debug|Any CPU
		{598E9D71-80E6-40A1-94A9-C640FA3A8E28}.Debug|x64.ActiveCfg = Debug|Any CPU
		{598E9D71-80E6-40A1-94A9-C640FA3A8E28}.Debug|x64.Build.0 = Debug|Any CPU
		{598E9D71-80E6-40A1-94A9-C640FA3A8E28}.Debug|x86.ActiveCfg = Debug|Any CPU
		{598E9D71-80E6-40A1-94A9-C640FA3A8E28}.Debug|x86.Build.0 = Debug|Any CPU
		{598E9D71-80E6-40A1-94A9-C640FA3A8E28}.Release|Any CPU.ActiveCfg = Release|Any CPU
		{598E9D71-80E6-40A1-94A9-C640FA3A8E28}.Release|Any CPU.Build.0 = Release|Any CPU
		{598E9D71-80E6-40A1-94A9-C640FA3A8E28}.Release|x64.ActiveCfg = Release|Any CPU
		{598E9D71-80E6-40A1-94A9-C640FA3A8E28}.Release|x64.Build.0 = Release|Any CPU
		{598E9D71-80E6-40A1-94A9-C640FA3A8E28}.Release|x86.ActiveCfg = Release|Any CPU
		{598E9D71-80E6-40A1-94A9-C640FA3A8E28}.Release|x86.Build.0 = Release|Any CPU
		{7194D101-73BE-4D86-8311-0EDCF7D0CFAF}.Debug|Any CPU.ActiveCfg = Debug|Any CPU
		{7194D101-73BE-4D86-8311-0EDCF7D0CFAF}.Debug|Any CPU.Build.0 = Debug|Any CPU
		{7194D101-73BE-4D86-8311-0EDCF7D0CFAF}.Debug|x64.ActiveCfg = Debug|Any CPU
		{7194D101-73BE-4D86-8311-0EDCF7D0CFAF}.Debug|x64.Build.0 = Debug|Any CPU
		{7194D101-73BE-4D86-8311-0EDCF7D0CFAF}.Debug|x86.ActiveCfg = Debug|Any CPU
		{7194D101-73BE-4D86-8311-0EDCF7D0CFAF}.Debug|x86.Build.0 = Debug|Any CPU
		{7194D101-73BE-4D86-8311-0EDCF7D0CFAF}.Release|Any CPU.ActiveCfg = Release|Any CPU
		{7194D101-73BE-4D86-8311-0EDCF7D0CFAF}.Release|Any CPU.Build.0 = Release|Any CPU
		{7194D101-73BE-4D86-8311-0EDCF7D0CFAF}.Release|x64.ActiveCfg = Release|Any CPU
		{7194D101-73BE-4D86-8311-0EDCF7D0CFAF}.Release|x64.Build.0 = Release|Any CPU
		{7194D101-73BE-4D86-8311-0EDCF7D0CFAF}.Release|x86.ActiveCfg = Release|Any CPU
		{7194D101-73BE-4D86-8311-0EDCF7D0CFAF}.Release|x86.Build.0 = Release|Any CPU
	EndGlobalSection
	GlobalSection(SolutionProperties) = preSolution
		HideSolutionNode = FALSE
	EndGlobalSection
	GlobalSection(NestedProjects) = preSolution
		{E3CD33D4-40AE-4DD2-980C-345A96C92B39} = {827E0CD3-B72D-47B6-A68D-7590B98EB39B}
		{C10893CC-5C82-493C-9E24-732AA2C0F04D} = {827E0CD3-B72D-47B6-A68D-7590B98EB39B}
		{A43A4BBA-CCE3-4A82-B7CD-567D412055AC} = {827E0CD3-B72D-47B6-A68D-7590B98EB39B}
		{EBC99F27-6B8D-4779-B9DF-D7E8C41B4301} = {827E0CD3-B72D-47B6-A68D-7590B98EB39B}
		{66409F03-302D-499E-9FA8-0312722F1B45} = {827E0CD3-B72D-47B6-A68D-7590B98EB39B}
		{0EE2DCA9-65FA-471D-9539-A2317C4BF0D9} = {827E0CD3-B72D-47B6-A68D-7590B98EB39B}
		{30B92AC3-0EBF-41B5-A67C-0AB4393D99A2} = {827E0CD3-B72D-47B6-A68D-7590B98EB39B}
		{3D80B2C6-2615-475F-977A-4EBE1DF2D81D} = {827E0CD3-B72D-47B6-A68D-7590B98EB39B}
		{41514A5A-2207-4DE8-9333-6A694DA7C568} = {827E0CD3-B72D-47B6-A68D-7590B98EB39B}
		{56011C4D-E60B-46BC-B319-7C9E8B235229} = {827E0CD3-B72D-47B6-A68D-7590B98EB39B}
		{7EA6DF5D-ED28-45C9-BCB1-B12CFFEB6EE7} = {827E0CD3-B72D-47B6-A68D-7590B98EB39B}
		{AB6A09CB-9577-46AC-B4E0-B1ECAB8F1A7F} = {827E0CD3-B72D-47B6-A68D-7590B98EB39B}
		{B2D0080B-1FAA-482D-9197-19E81EF121F3} = {827E0CD3-B72D-47B6-A68D-7590B98EB39B}
		{0DEF20C5-2AFB-47B1-87B0-22873340CBDA} = {827E0CD3-B72D-47B6-A68D-7590B98EB39B}
		{E9F33F05-BE09-43C6-9B8C-27EE06EEA1B9} = {827E0CD3-B72D-47B6-A68D-7590B98EB39B}
		{FE69B871-0299-46FA-AC5A-B6C58C37AE93} = {827E0CD3-B72D-47B6-A68D-7590B98EB39B}
		{EC447DCF-ABFA-6E24-52A5-D7FD48A5C558} = {827E0CD3-B72D-47B6-A68D-7590B98EB39B}
		{4D7CB099-9D90-48D1-B32A-51D9818E18F0} = {0AB3BF05-4346-4AA6-1389-037BE0695223}
		{598E9D71-80E6-40A1-94A9-C640FA3A8E28} = {0AB3BF05-4346-4AA6-1389-037BE0695223}
		{7194D101-73BE-4D86-8311-0EDCF7D0CFAF} = {0AB3BF05-4346-4AA6-1389-037BE0695223}
	EndGlobalSection
EndGlobal
